
Microsoft Visual Studio Solution File, Format Version 12.00
# Visual Studio Version 17
VisualStudioVersion = 17.7.34024.191
MinimumVisualStudioVersion = 10.0.40219.1
Project("{888888A0-9F3D-457C-B088-3A5042F75D52}") = "Task 2", "Task 2.pyproj", "{47167A38-9D9F-4A65-A8C4-ACCD79CE19F4}"
EndProject
Global
	GlobalSection(SolutionConfigurationPlatforms) = preSolution
		Debug|Any CPU = Debug|Any CPU
		Release|Any CPU = Release|Any CPU
	EndGlobalSection
	GlobalSection(ProjectConfigurationPlatforms) = postSolution
		{47167A38-9D9F-4A65-A8C4-ACCD79CE19F4}.Debug|Any CPU.ActiveCfg = Debug|Any CPU
		{47167A38-9D9F-4A65-A8C4-ACCD79CE19F4}.Release|Any CPU.ActiveCfg = Release|Any CPU
	EndGlobalSection
	GlobalSection(SolutionProperties) = preSolution
		HideSolutionNode = FALSE
	EndGlobalSection
	GlobalSection(ExtensibilityGlobals) = postSolution
		SolutionGuid = {CD6F9658-87FA-45FA-86D1-E72A9287342D}
	EndGlobalSection
EndGlobal
